
Microsoft Visual Studio Solution File, Format Version 12.00
# Visual Studio Version 17
VisualStudioVersion = 17.9.34616.47
MinimumVisualStudioVersion = 10.0.40219.1
Project("{FAE04EC0-301F-11D3-BF4B-00C04F79EFBC}") = "theatreAPI", "theatreAPI\theatreAPI.csproj", "{B4B3837A-96B9-4FE2-8EB4-0363D40E3CF2}"
EndProject
Global
	GlobalSection(SolutionConfigurationPlatforms) = preSolution
		Debug|Any CPU = Debug|Any CPU
		Release|Any CPU = Release|Any CPU
	EndGlobalSection
	GlobalSection(ProjectConfigurationPlatforms) = postSolution
		{B4B3837A-96B9-4FE2-8EB4-0363D40E3CF2}.Debug|Any CPU.ActiveCfg = Debug|Any CPU
		{B4B3837A-96B9-4FE2-8EB4-0363D40E3CF2}.Debug|Any CPU.Build.0 = Debug|Any CPU
		{B4B3837A-96B9-4FE2-8EB4-0363D40E3CF2}.Release|Any CPU.ActiveCfg = Release|Any CPU
		{B4B3837A-96B9-4FE2-8EB4-0363D40E3CF2}.Release|Any CPU.Build.0 = Release|Any CPU
	EndGlobalSection
	GlobalSection(SolutionProperties) = preSolution
		HideSolutionNode = FALSE
	EndGlobalSection
	GlobalSection(ExtensibilityGlobals) = postSolution
		SolutionGuid = {17551A92-283B-4730-A1F1-5BF46FF22FF5}
	EndGlobalSection
EndGlobal
